
Microsoft Visual Studio Solution File, Format Version 12.00
# Visual Studio Version 17
VisualStudioVersion = 17.12.35527.113
MinimumVisualStudioVersion = 10.0.40219.1
Project("{FAE04EC0-301F-11D3-BF4B-00C04F79EFBC}") = "PortfolioMakerBackend", "PortfolioMakerBackend\PortfolioMakerBackend.csproj", "{CECC8873-F98A-4209-8D3A-86A9467C69D5}"
EndProject
Project("{54A90642-561A-4BB1-A94E-469ADEE60C69}") = "portfolio_maker_frontend", "portfolio_maker_frontend\portfolio_maker_frontend.esproj", "{40A6EBD1-4F7F-4901-831E-5EC35D31A7D2}"
EndProject
Global
	GlobalSection(SolutionConfigurationPlatforms) = preSolution
		Debug|Any CPU = Debug|Any CPU
		Release|Any CPU = Release|Any CPU
	EndGlobalSection
	GlobalSection(ProjectConfigurationPlatforms) = postSolution
		{CECC8873-F98A-4209-8D3A-86A9467C69D5}.Debug|Any CPU.ActiveCfg = Debug|Any CPU
		{CECC8873-F98A-4209-8D3A-86A9467C69D5}.Debug|Any CPU.Build.0 = Debug|Any CPU
		{CECC8873-F98A-4209-8D3A-86A9467C69D5}.Release|Any CPU.ActiveCfg = Release|Any CPU
		{CECC8873-F98A-4209-8D3A-86A9467C69D5}.Release|Any CPU.Build.0 = Release|Any CPU
		{40A6EBD1-4F7F-4901-831E-5EC35D31A7D2}.Debug|Any CPU.ActiveCfg = Debug|Any CPU
		{40A6EBD1-4F7F-4901-831E-5EC35D31A7D2}.Debug|Any CPU.Build.0 = Debug|Any CPU
		{40A6EBD1-4F7F-4901-831E-5EC35D31A7D2}.Debug|Any CPU.Deploy.0 = Debug|Any CPU
		{40A6EBD1-4F7F-4901-831E-5EC35D31A7D2}.Release|Any CPU.ActiveCfg = Release|Any CPU
		{40A6EBD1-4F7F-4901-831E-5EC35D31A7D2}.Release|Any CPU.Build.0 = Release|Any CPU
		{40A6EBD1-4F7F-4901-831E-5EC35D31A7D2}.Release|Any CPU.Deploy.0 = Release|Any CPU
	EndGlobalSection
	GlobalSection(SolutionProperties) = preSolution
		HideSolutionNode = FALSE
	EndGlobalSection
EndGlobal
